
Microsoft Visual Studio Solution File, Format Version 12.00
# Visual Studio Version 17
VisualStudioVersion = 17.2.32602.215
MinimumVisualStudioVersion = 10.0.40219.1
Project("{9A19103F-16F7-4668-BE54-9A1E7A4F7556}") = "1_zawartosc_tablicy_od_tylu", "1_zawartosc_tablicy_od_tylu.csproj", "{997085EF-1EDC-4BAE-8686-A16481408085}"
EndProject
Project("{9A19103F-16F7-4668-BE54-9A1E7A4F7556}") = "2_najwiekszy_i_najmniejszy_element", "2_najwiekszy_i_najmniejszy_element\2_najwiekszy_i_najmniejszy_element.csproj", "{2F3022DC-73A8-4052-89DD-1147998CAD83}"
EndProject
Project("{9A19103F-16F7-4668-BE54-9A1E7A4F7556}") = "3_sortowanie_babelkowe", "3_sortowanie_babelkowe\3_sortowanie_babelkowe.csproj", "{4661FD2A-D9AD-4B7F-97D4-DFA0130F91C7}"
EndProject
Project("{9A19103F-16F7-4668-BE54-9A1E7A4F7556}") = "4_sortowanie_przez_wstawianie", "4_sortowanie_przez_wstawianie\4_sortowanie_przez_wstawianie.csproj", "{8BC4E74D-08ED-4086-B8B5-E3F366ECE925}"
EndProject
Project("{9A19103F-16F7-4668-BE54-9A1E7A4F7556}") = "5_sortowanie_przez_wybieranie", "5_sortowanie_przez_wybieranie\5_sortowanie_przez_wybieranie.csproj", "{626E37AE-6FCE-4748-8AE1-3F93837830B6}"
EndProject
Global
	GlobalSection(SolutionConfigurationPlatforms) = preSolution
		Debug|Any CPU = Debug|Any CPU
		Release|Any CPU = Release|Any CPU
	EndGlobalSection
	GlobalSection(ProjectConfigurationPlatforms) = postSolution
		{997085EF-1EDC-4BAE-8686-A16481408085}.Debug|Any CPU.ActiveCfg = Debug|Any CPU
		{997085EF-1EDC-4BAE-8686-A16481408085}.Debug|Any CPU.Build.0 = Debug|Any CPU
		{997085EF-1EDC-4BAE-8686-A16481408085}.Release|Any CPU.ActiveCfg = Release|Any CPU
		{997085EF-1EDC-4BAE-8686-A16481408085}.Release|Any CPU.Build.0 = Release|Any CPU
		{2F3022DC-73A8-4052-89DD-1147998CAD83}.Debug|Any CPU.ActiveCfg = Debug|Any CPU
		{2F3022DC-73A8-4052-89DD-1147998CAD83}.Debug|Any CPU.Build.0 = Debug|Any CPU
		{2F3022DC-73A8-4052-89DD-1147998CAD83}.Release|Any CPU.ActiveCfg = Release|Any CPU
		{2F3022DC-73A8-4052-89DD-1147998CAD83}.Release|Any CPU.Build.0 = Release|Any CPU
		{4661FD2A-D9AD-4B7F-97D4-DFA0130F91C7}.Debug|Any CPU.ActiveCfg = Debug|Any CPU
		{4661FD2A-D9AD-4B7F-97D4-DFA0130F91C7}.Debug|Any CPU.Build.0 = Debug|Any CPU
		{4661FD2A-D9AD-4B7F-97D4-DFA0130F91C7}.Release|Any CPU.ActiveCfg = Release|Any CPU
		{4661FD2A-D9AD-4B7F-97D4-DFA0130F91C7}.Release|Any CPU.Build.0 = Release|Any CPU
		{8BC4E74D-08ED-4086-B8B5-E3F366ECE925}.Debug|Any CPU.ActiveCfg = Debug|Any CPU
		{8BC4E74D-08ED-4086-B8B5-E3F366ECE925}.Debug|Any CPU.Build.0 = Debug|Any CPU
		{8BC4E74D-08ED-4086-B8B5-E3F366ECE925}.Release|Any CPU.ActiveCfg = Release|Any CPU
		{8BC4E74D-08ED-4086-B8B5-E3F366ECE925}.Release|Any CPU.Build.0 = Release|Any CPU
		{626E37AE-6FCE-4748-8AE1-3F93837830B6}.Debug|Any CPU.ActiveCfg = Debug|Any CPU
		{626E37AE-6FCE-4748-8AE1-3F93837830B6}.Debug|Any CPU.Build.0 = Debug|Any CPU
		{626E37AE-6FCE-4748-8AE1-3F93837830B6}.Release|Any CPU.ActiveCfg = Release|Any CPU
		{626E37AE-6FCE-4748-8AE1-3F93837830B6}.Release|Any CPU.Build.0 = Release|Any CPU
	EndGlobalSection
	GlobalSection(SolutionProperties) = preSolution
		HideSolutionNode = FALSE
	EndGlobalSection
	GlobalSection(ExtensibilityGlobals) = postSolution
		SolutionGuid = {E0F6F704-D239-42B8-B5BC-DD4FE81A02C3}
	EndGlobalSection
EndGlobal
